# THIS IS AN AUTOGENERATED FILE. DO NOT EDIT THIS FILE DIRECTLY.
# yarn lockfile v1


"@bazel/bazelisk@^1.6.1":
  version "1.6.1"
  resolved "https://registry.yarnpkg.com/@bazel/bazelisk/-/bazelisk-1.6.1.tgz#f9e279d2fecaf6cec6ed676bc8714846f3704e40"
  integrity sha512-2JpfZb6eYCGrdLdUJamncIpI4pgEAhPURYGg+rCgqoZDJxzADuOnpf/00dEBXPM2XByXNXTqsKEFN2gTaZz2mA==

"@bazel/buildifier@^3.4.0":
  version "3.4.0"
  resolved "https://registry.yarnpkg.com/@bazel/buildifier/-/buildifier-3.4.0.tgz#44ce98b33bf8057f5398a78f7d1c564760b43f6c"
  integrity sha512-TdugkgxAIxSyXSBZcLlntQKJ/rGV3LSMjlYuvRr3YtQBn/2sIfpHX0dcNZ7zdCPkev9cK0kpEs42MkmKHY9peQ==
